PODS:
  - FBSnapshotTestCase (2.1.4):
    - FBSnapshotTestCase/SwiftSupport (= 2.1.4)
  - FBSnapshotTestCase/Core (2.1.4)
  - FBSnapshotTestCase/SwiftSupport (2.1.4):
    - FBSnapshotTestCase/Core
  - SQLite.swift (0.11.5):
    - SQLite.swift/standard (= 0.11.5)
  - SQLite.swift/standard (0.11.5)
  - YTTCache (0.1.0):
    - SQLite.swift (~> 0.11.5)

DEPENDENCIES:
  - FBSnapshotTestCase (~> 2.1.4)
  - SQLite.swift (~> 0.11.5)
  - YTTCache (from `../`)

SPEC REPOS:
  https://github.com/cocoapods/specs.git:
    - FBSnapshotTestCase
    - SQLite.swift

EXTERNAL SOURCES:
  YTTCache:
    :path: "../"

SPEC CHECKSUMS:
  FBSnapshotTestCase: 094f9f314decbabe373b87cc339bea235a63e07a
  SQLite.swift: 6e5356850bb1791459f8c16d6ee9195b28714a2e
  YTTCache: eaedb357ef94ce7ff13c335f94098c3aac01cec7

PODFILE CHECKSUM: ed9ba1d3e009e29f5ec904a31e7439e3647e9b0e

COCOAPODS: 1.5.3
